PODS:
  - Firebase (2.5.1)
  - IQKeyboardManagerSwift (3.3.7)
  - SwiftLocation (0.2.0)

DEPENDENCIES:
  - Firebase
  - IQKeyboardManagerSwift (~> 3.3)
  - SwiftLocation (~> 0.2.0)

SPEC CHECKSUMS:
  Firebase: 3565ea88b830f28f2c77ecc524622bc71a20d085
  IQKeyboardManagerSwift: 7d06186460470f3f7e767630861a1303980ee5cf
  SwiftLocation: ea78ae4a822581bde7379d98c8513273723c8840

PODFILE CHECKSUM: faec9fd3facef4927980634ef36c16590e8df907

COCOAPODS: 1.0.0
